// !$*UTF8*$!
{
	archiveVersion = 1;
	classes = {
	};
	objectVersion = 50;
	objects = {

/* Begin PBXBuildFile section */
		2622525C2343BABE0099EB61 /* AppDelegate.swift in Sources */ = {isa = PBXBuildFile; fileRef = 2622525B2343BABE0099EB61 /* AppDelegate.swift */; };
		2622525E2343BABE0099EB61 /* SceneDelegate.swift in Sources */ = {isa = PBXBuildFile; fileRef = 2622525D2343BABE0099EB61 /* SceneDelegate.swift */; };
		262252602343BABE0099EB61 /* ViewController.swift in Sources */ = {isa = PBXBuildFile; fileRef = 2622525F2343BABE0099EB61 /* ViewController.swift */; };
		262252632343BABE0099EB61 /* Main.storyboard in Resources */ = {isa = PBXBuildFile; fileRef = 262252612343BABE0099EB61 /* Main.storyboard */; };
		262252652343BABF0099EB61 /* Assets.xcassets in Resources */ = {isa = PBXBuildFile; fileRef = 262252642343BABF0099EB61 /* Assets.xcassets */; };
		262252682343BABF0099EB61 /* LaunchScreen.storyboard in Resources */ = {isa = PBXBuildFile; fileRef = 262252662343BABF0099EB61 /* LaunchScreen.storyboard */; };
		262252732343BB190099EB61 /* Pokemon.swift in Sources */ = {isa = PBXBuildFile; fileRef = 262252722343BB190099EB61 /* Pokemon.swift */; };
		262252752343BFEB0099EB61 /* PokemonController.swift in Sources */ = {isa = PBXBuildFile; fileRef = 262252742343BFEB0099EB61 /* PokemonController.swift */; };
		26EB8CF62343CF90005138B5 /* PokemonViewController.swift in Sources */ = {isa = PBXBuildFile; fileRef = 26EB8CF52343CF90005138B5 /* PokemonViewController.swift */; };
/* End PBXBuildFile section */

/* Begin PBXFileReference section */
		262252582343BABE0099EB61 /* PokeDex.app */ = {isa = PBXFileReference; explicitFileType = wrapper.application; includeInIndex = 0; path = PokeDex.app; sourceTree = BUILT_PRODUCTS_DIR; };
		2622525B2343BABE0099EB61 /* AppDelegate.swift */ = {isa = PBXFileReference; lastKnownFileType = sourcecode.swift; path = AppDelegate.swift; sourceTree = "<group>"; };
		2622525D2343BABE0099EB61 /* SceneDelegate.swift */ = {isa = PBXFileReference; lastKnownFileType = sourcecode.swift; path = SceneDelegate.swift; sourceTree = "<group>"; };
		2622525F2343BABE0099EB61 /* ViewController.swift */ = {isa = PBXFileReference; lastKnownFileType = sourcecode.swift; path = ViewController.swift; sourceTree = "<group>"; };
		262252622343BABE0099EB61 /* Base */ = {isa = PBXFileReference; lastKnownFileType = file.storyboard; name = Base; path = Base.lproj/Main.storyboard; sourceTree = "<group>"; };
		262252642343BABF0099EB61 /* Assets.xcassets */ = {isa = PBXFileReference; lastKnownFileType = folder.assetcatalog; path = Assets.xcassets; sourceTree = "<group>"; };
		262252672343BABF0099EB61 /* Base */ = {isa = PBXFileReference; lastKnownFileType = file.storyboard; name = Base; path = Base.lproj/LaunchScreen.storyboard; sourceTree = "<group>"; };
		262252692343BABF0099EB61 /* Info.plist */ = {isa = PBXFileReference; lastKnownFileType = text.plist.xml; path = Info.plist; sourceTree = "<group>"; };
		262252722343BB190099EB61 /* Pokemon.swift */ = {isa = PBXFileReference; lastKnownFileType = sourcecode.swift; path = Pokemon.swift; sourceTree = "<group>"; };
		262252742343BFEB0099EB61 /* PokemonController.swift */ = {isa = PBXFileReference; lastKnownFileType = sourcecode.swift; path = PokemonController.swift; sourceTree = "<group>"; };
		26EB8CF52343CF90005138B5 /* PokemonViewController.swift */ = {isa = PBXFileReference; lastKnownFileType = sourcecode.swift; path = PokemonViewController.swift; sourceTree = "<group>"; };
/* End PBXFileReference section */

/* Begin PBXFrameworksBuildPhase section */
		262252552343BABE0099EB61 /* Frameworks */ = {
			isa = PBXFrameworksBuildPhase;
			buildActionMask = 2147483647;
			files = (
			);
			runOnlyForDeploymentPostprocessing = 0;
		};
/* End PBXFrameworksBuildPhase section */

/* Begin PBXGroup section */
		2622524F2343BABE0099EB61 = {
			isa = PBXGroup;
			children = (
				2622525A2343BABE0099EB61 /* PokeDex */,
				262252592343BABE0099EB61 /* Products */,
			);
			sourceTree = "<group>";
		};
		262252592343BABE0099EB61 /* Products */ = {
			isa = PBXGroup;
			children = (
				262252582343BABE0099EB61 /* PokeDex.app */,
			);
			name = Products;
			sourceTree = "<group>";
		};
		2622525A2343BABE0099EB61 /* PokeDex */ = {
			isa = PBXGroup;
			children = (
				262252712343BAF70099EB61 /* Controllers */,
				262252702343BAEE0099EB61 /* Model */,
				2622526F2343BACE0099EB61 /* Resources  */,
				2622525F2343BABE0099EB61 /* ViewController.swift */,
				262252612343BABE0099EB61 /* Main.storyboard */,
			);
			path = PokeDex;
			sourceTree = "<group>";
		};
		2622526F2343BACE0099EB61 /* Resources  */ = {
			isa = PBXGroup;
			children = (
				2622525B2343BABE0099EB61 /* AppDelegate.swift */,
				2622525D2343BABE0099EB61 /* SceneDelegate.swift */,
				262252642343BABF0099EB61 /* Assets.xcassets */,
				262252662343BABF0099EB61 /* LaunchScreen.storyboard */,
				262252692343BABF0099EB61 /* Info.plist */,
			);
			path = "Resources ";
			sourceTree = "<group>";
		};
		262252702343BAEE0099EB61 /* Model */ = {
			isa = PBXGroup;
			children = (
				262252722343BB190099EB61 /* Pokemon.swift */,
			);
			path = Model;
			sourceTree = "<group>";
		};
		262252712343BAF70099EB61 /* Controllers */ = {
			isa = PBXGroup;
			children = (
				262252742343BFEB0099EB61 /* PokemonController.swift */,
				26EB8CF52343CF90005138B5 /* PokemonViewController.swift */,
			);
			path = Controllers;
			sourceTree = "<group>";
		};
/* End PBXGroup section */

/* Begin PBXNativeTarget section */
		262252572343BABE0099EB61 /* PokeDex */ = {
			isa = PBXNativeTarget;
			buildConfigurationList = 2622526C2343BABF0099EB61 /* Build configuration list for PBXNativeTarget "PokeDex" */;
			buildPhases = (
				262252542343BABE0099EB61 /* Sources */,
				262252552343BABE0099EB61 /* Frameworks */,
				262252562343BABE0099EB61 /* Resources */,
			);
			buildRules = (
			);
			dependencies = (
			);
			name = PokeDex;
			productName = PokeDex;
			productReference = 262252582343BABE0099EB61 /* PokeDex.app */;
			productType = "com.apple.product-type.application";
		};
/* End PBXNativeTarget section */

/* Begin PBXProject section */
		262252502343BABE0099EB61 /* Project object */ = {
			isa = PBXProject;
			attributes = {
				LastSwiftUpdateCheck = 1100;
				LastUpgradeCheck = 1100;
				ORGANIZATIONNAME = "Michael Di Cesare";
				TargetAttributes = {
					262252572343BABE0099EB61 = {
						CreatedOnToolsVersion = 11.0;
					};
				};
			};
			buildConfigurationList = 262252532343BABE0099EB61 /* Build configuration list for PBXProject "PokeDex" */;
			compatibilityVersion = "Xcode 9.3";
			developmentRegion = en;
			hasScannedForEncodings = 0;
			knownRegions = (
				en,
				Base,
			);
			mainGroup = 2622524F2343BABE0099EB61;
			productRefGroup = 262252592343BABE0099EB61 /* Products */;
			projectDirPath = "";
			projectRoot = "";
			targets = (
				262252572343BABE0099EB61 /* PokeDex */,
			);
		};
/* End PBXProject section */

/* Begin PBXResourcesBuildPhase section */
		262252562343BABE0099EB61 /* Resources */ = {
			isa = PBXResourcesBuildPhase;
			buildActionMask = 2147483647;
			files = (
				262252682343BABF0099EB61 /* LaunchScreen.storyboard in Resources */,
				262252652343BABF0099EB61 /* Assets.xcassets in Resources */,
				262252632343BABE0099EB61 /* Main.storyboard in Resources */,
			);
			runOnlyForDeploymentPostprocessing = 0;
		};
/* End PBXResourcesBuildPhase section */

/* Begin PBXSourcesBuildPhase section */
		262252542343BABE0099EB61 /* Sources */ = {
			isa = PBXSourcesBuildPhase;
			buildActionMask = 2147483647;
			files = (
				262252732343BB190099EB61 /* Pokemon.swift in Sources */,
				262252602343BABE0099EB61 /* ViewController.swift in Sources */,
				26EB8CF62343CF90005138B5 /* PokemonViewController.swift in Sources */,
				2622525C2343BABE0099EB61 /* AppDelegate.swift in Sources */,
				2622525E2343BABE0099EB61 /* SceneDelegate.swift in Sources */,
				262252752343BFEB0099EB61 /* PokemonController.swift in Sources */,
			);
			runOnlyForDeploymentPostprocessing = 0;
		};
/* End PBXSourcesBuildPhase section */

/* Begin PBXVariantGroup section */
		262252612343BABE0099EB61 /* Main.storyboard */ = {
			isa = PBXVariantGroup;
			children = (
				262252622343BABE0099EB61 /* Base */,
			);
			name = Main.storyboard;
			sourceTree = "<group>";
		};
		262252662343BABF0099EB61 /* LaunchScreen.storyboard */ = {
			isa = PBXVariantGroup;
			children = (
				262252672343BABF0099EB61 /* Base */,
			);
			name = LaunchScreen.storyboard;
			sourceTree = "<group>";
		};
/* End PBXVariantGroup section */

/* Begin XCBuildConfiguration section */
		2622526A2343BABF0099EB61 /* Debug */ = {
			isa = XCBuildConfiguration;
			buildSettings = {
				ALWAYS_SEARCH_USER_PATHS = NO;
				CLANG_ANALYZER_NONNULL = YES;
				CLANG_ANALYZER_NUMBER_OBJECT_CONVERSION = YES_AGGRESSIVE;
				CLANG_CXX_LANGUAGE_STANDARD = "gnu++14";
				CLANG_CXX_LIBRARY = "libc++";
				CLANG_ENABLE_MODULES = YES;
				CLANG_ENABLE_OBJC_ARC = YES;
				CLANG_ENABLE_OBJC_WEAK = YES;
				CLANG_WARN_BLOCK_CAPTURE_AUTORELEASING = YES;
				CLANG_WARN_BOOL_CONVERSION = YES;
				CLANG_WARN_COMMA = YES;
				CLANG_WARN_CONSTANT_CONVERSION = YES;
				CLANG_WARN_DEPRECATED_OBJC_IMPLEMENTATIONS = YES;
				CLANG_WARN_DIRECT_OBJC_ISA_USAGE = YES_ERROR;
				CLANG_WARN_DOCUMENTATION_COMMENTS = YES;
				CLANG_WARN_EMPTY_BODY = YES;
				CLANG_WARN_ENUM_CONVERSION = YES;
				CLANG_WARN_INFINITE_RECURSION = YES;
				CLANG_WARN_INT_CONVERSION = YES;
				CLANG_WARN_NON_LITERAL_NULL_CONVERSION = YES;
				CLANG_WARN_OBJC_IMPLICIT_RETAIN_SELF = YES;
				CLANG_WARN_OBJC_LITERAL_CONVERSION = YES;
				CLANG_WARN_OBJC_ROOT_CLASS = YES_ERROR;
				CLANG_WARN_RANGE_LOOP_ANALYSIS = YES;
				CLANG_WARN_STRICT_PROTOTYPES = YES;
				CLANG_WARN_SUSPICIOUS_MOVE = YES;
				CLANG_WARN_UNGUARDED_AVAILABILITY = YES_AGGRESSIVE;
				CLANG_WARN_UNREACHABLE_CODE = YES;
				CLANG_WARN__DUPLICATE_METHOD_MATCH = YES;
				COPY_PHASE_STRIP = NO;
				DEBUG_INFORMATION_FORMAT = dwarf;
				ENABLE_STRICT_OBJC_MSGSEND = YES;
				ENABLE_TESTABILITY = YES;
				GCC_C_LANGUAGE_STANDARD = gnu11;
				GCC_DYNAMIC_NO_PIC = NO;
				GCC_NO_COMMON_BLOCKS = YES;
				GCC_OPTIMIZATION_LEVEL = 0;
				GCC_PREPROCESSOR_DEFINITIONS = (
					"DEBUG=1",
					"$(inherited)",
				);
				GCC_WARN_64_TO_32_BIT_CONVERSION = YES;
				GCC_WARN_ABOUT_RETURN_TYPE = YES_ERROR;
				GCC_WARN_UNDECLARED_SELECTOR = YES;
				GCC_WARN_UNINITIALIZED_AUTOS = YES_AGGRESSIVE;
				GCC_WARN_UNUSED_FUNCTION = YES;
				GCC_WARN_UNUSED_VARIABLE = YES;
				IPHONEOS_DEPLOYMENT_TARGET = 13.0;
				MTL_ENABLE_DEBUG_INFO = INCLUDE_SOURCE;
				MTL_FAST_MATH = YES;
				ONLY_ACTIVE_ARCH = YES;
				SDKROOT = iphoneos;
				SWIFT_ACTIVE_COMPILATION_CONDITIONS = DEBUG;
				SWIFT_OPTIMIZATION_LEVEL = "-Onone";
			};
			name = Debug;
		};
		2622526B2343BABF0099EB61 /* Release */ = {
			isa = XCBuildConfiguration;
			buildSettings = {
				ALWAYS_SEARCH_USER_PATHS = NO;
				CLANG_ANALYZER_NONNULL = YES;
				CLANG_ANALYZER_NUMBER_OBJECT_CONVERSION = YES_AGGRESSIVE;
				CLANG_CXX_LANGUAGE_STANDARD = "gnu++14";
				CLANG_CXX_LIBRARY = "libc++";
				CLANG_ENABLE_MODULES = YES;
				CLANG_ENABLE_OBJC_ARC = YES;
				CLANG_ENABLE_OBJC_WEAK = YES;
				CLANG_WARN_BLOCK_CAPTURE_AUTORELEASING = YES;
				CLANG_WARN_BOOL_CONVERSION = YES;
				CLANG_WARN_COMMA = YES;
				CLANG_WARN_CONSTANT_CONVERSION = YES;
				CLANG_WARN_DEPRECATED_OBJC_IMPLEMENTATIONS = YES;
				CLANG_WARN_DIRECT_OBJC_ISA_USAGE = YES_ERROR;
				CLANG_WARN_DOCUMENTATION_COMMENTS = YES;
				CLANG_WARN_EMPTY_BODY = YES;
				CLANG_WARN_ENUM_CONVERSION = YES;
				CLANG_WARN_INFINITE_RECURSION = YES;
				CLANG_WARN_INT_CONVERSION = YES;
				CLANG_WARN_NON_LITERAL_NULL_CONVERSION = YES;
				CLANG_WARN_OBJC_IMPLICIT_RETAIN_SELF = YES;
				CLANG_WARN_OBJC_LITERAL_CONVERSION = YES;
				CLANG_WARN_OBJC_ROOT_CLASS = YES_ERROR;
				CLANG_WARN_RANGE_LOOP_ANALYSIS = YES;
				CLANG_WARN_STRICT_PROTOTYPES = YES;
				CLANG_WARN_SUSPICIOUS_MOVE = YES;
				CLANG_WARN_UNGUARDED_AVAILABILITY = YES_AGGRESSIVE;
				CLANG_WARN_UNREACHABLE_CODE = YES;
				CLANG_WARN__DUPLICATE_METHOD_MATCH = YES;
				COPY_PHASE_STRIP = NO;
				DEBUG_INFORMATION_FORMAT = "dwarf-with-dsym";
				ENABLE_NS_ASSERTIONS = NO;
				ENABLE_STRICT_OBJC_MSGSEND = YES;
				GCC_C_LANGUAGE_STANDARD = gnu11;
				GCC_NO_COMMON_BLOCKS = YES;
				GCC_WARN_64_TO_32_BIT_CONVERSION = YES;
				GCC_WARN_ABOUT_RETURN_TYPE = YES_ERROR;
				GCC_WARN_UNDECLARED_SELECTOR = YES;
				GCC_WARN_UNINITIALIZED_AUTOS = YES_AGGRESSIVE;
				GCC_WARN_UNUSED_FUNCTION = YES;
				GCC_WARN_UNUSED_VARIABLE = YES;
				IPHONEOS_DEPLOYMENT_TARGET = 13.0;
				MTL_ENABLE_DEBUG_INFO = NO;
				MTL_FAST_MATH = YES;
				SDKROOT = iphoneos;
				SWIFT_COMPILATION_MODE = wholemodule;
				SWIFT_OPTIMIZATION_LEVEL = "-O";
				VALIDATE_PRODUCT = YES;
			};
			name = Release;
		};
		2622526D2343BABF0099EB61 /* Debug */ = {
			isa = XCBuildConfiguration;
			buildSettings = {
				ASSETCATALOG_COMPILER_APPICON_NAME = AppIcon;
				CODE_SIGN_STYLE = Automatic;
				DEVELOPMENT_TEAM = B35K2XL3AM;
				INFOPLIST_FILE = "$(SRCROOT)/PokeDex/Resources /Info.plist";
				LD_RUNPATH_SEARCH_PATHS = (
					"$(inherited)",
					"@executable_path/Frameworks",
				);
				PRODUCT_BUNDLE_IDENTIFIER = com.MichaelDicesare.PokeDex;
				PRODUCT_NAME = "$(TARGET_NAME)";
				SWIFT_VERSION = 5.0;
				TARGETED_DEVICE_FAMILY = "1,2";
			};
			name = Debug;
		};
		2622526E2343BABF0099EB61 /* Release */ = {
			isa = XCBuildConfiguration;
			buildSettings = {
				ASSETCATALOG_COMPILER_APPICON_NAME = AppIcon;
				CODE_SIGN_STYLE = Automatic;
				DEVELOPMENT_TEAM = B35K2XL3AM;
				INFOPLIST_FILE = "$(SRCROOT)/PokeDex/Resources /Info.plist";
				LD_RUNPATH_SEARCH_PATHS = (
					"$(inherited)",
					"@executable_path/Frameworks",
				);
				PRODUCT_BUNDLE_IDENTIFIER = com.MichaelDicesare.PokeDex;
				PRODUCT_NAME = "$(TARGET_NAME)";
				SWIFT_VERSION = 5.0;
				TARGETED_DEVICE_FAMILY = "1,2";
			};
			name = Release;
		};
/* End XCBuildConfiguration section */

/* Begin XCConfigurationList section */
		262252532343BABE0099EB61 /* Build configuration list for PBXProject "PokeDex" */ = {
			isa = XCConfigurationList;
			buildConfigurations = (
				2622526A2343BABF0099EB61 /* Debug */,
				2622526B2343BABF0099EB61 /* Release */,
			);
			defaultConfigurationIsVisible = 0;
			defaultConfigurationName = Release;
		};
		2622526C2343BABF0099EB61 /* Build configuration list for PBXNativeTarget "PokeDex" */ = {
			isa = XCConfigurationList;
			buildConfigurations = (
				2622526D2343BABF0099EB61 /* Debug */,
				2622526E2343BABF0099EB61 /* Release */,
			);
			defaultConfigurationIsVisible = 0;
			defaultConfigurationName = Release;
		};
/* End XCConfigurationList section */
	};
	rootObject = 262252502343BABE0099EB61 /* Project object */;
}
